%{
  "algae": {:hex, :algae, "1.3.1", "65c1a4747a80221ae3978524d621f3da0f7b7b53f99818464f3817a82d7b49fe", [:mix], [{:quark, "~> 2.2", [hex: :quark, repo: "hexpm", optional: false]}, {:type_class, "~> 1.2", [hex: :type_class, repo: "hexpm", optional: false]}, {:witchcraft, "~> 1.0", [hex: :witchcraft, repo: "hexpm", optional: false]}], "hexpm", "5d43987ab861082b461746a6814f75606f98a6d4b997c3f4bafe85c89996eb12"},
  "argon2_elixir": {:hex, :argon2_elixir, "4.0.0", "7f6cd2e4a93a37f61d58a367d82f830ad9527082ff3c820b8197a8a736648941", [:make, :mix], [{:comeonin, "~> 5.3", [hex: :comeonin, repo: "hexpm", optional: false]}, {:elixir_make, "~> 0.6", [hex: :elixir_make, repo: "hexpm", optional: false]}], "hexpm", "f9da27cf060c9ea61b1bd47837a28d7e48a8f6fa13a745e252556c14f9132c7f"},
  "bandit": {:hex, :bandit, "1.3.0", "6a4e8d7c9ea721edd02c389e2cc867890cd96f83116e71ddf1ccbdd80661550c", [:mix], [{:hpax, "~> 0.1.1", [hex: :hpax, repo: "hexpm", optional: false]}, {:plug, "~> 1.14", [hex: :plug, repo: "hexpm", optional: false]}, {:telemetry, "~> 0.4 or ~> 1.0", [hex: :telemetry, repo: "hexpm", optional: false]}, {:thousand_island, "~> 1.0", [hex: :thousand_island, repo: "hexpm", optional: false]}, {:websock, "~> 0.5", [hex: :websock, repo: "hexpm", optional: false]}], "hexpm", "bda37d6c614d74778a5dc43b8bcdc3245cd30619eab0342f58042f968f2165da"},
  "base1": {:hex, :base1, "0.1.0", "493a46bb5b34bf38d3b69ea6eaff33416d222f1621231cb1a04af42a351117ea", [:mix], [], "hexpm", "57cb13fe05f3dc4174c7fbca147b94dcfdceea1ce87fdd5f803a29d3ca75fc96"},
  "base2": {:hex, :base2, "0.1.0", "bc9e19f1578e1439010d26b1bee456f3ac980481a46c3643b24e15c40e1db0ed", [:mix], [], "hexpm", "a25eb2892e03f609fd5634aaf9a7795fb90f98dc9a7a495ed8c03b2844bbb647"},
  "basefiftyeight": {:hex, :basefiftyeight, "0.1.0", "3d48544743bf9aab7ab02aed803ac42af77acf268c7d8c71d4f39e7fa85ee8d3", [:mix], [], "hexpm", "af12f551429528c711e98628c029ad48d1e5ba5a284f40b2d91029a65381837a"},
  "bitcoinex": {:hex, :bitcoinex, "0.1.7", "2357049df10ba79e701138481692326863553476fd902c1c5a6e918d7f93b721", [:mix], [{:decimal, "~> 1.0 or ~> 2.0", [hex: :decimal, repo: "hexpm", optional: false]}, {:timex, "~> 3.1", [hex: :timex, repo: "hexpm", optional: false]}], "hexpm", "06f2d2c84b98ada2cf87106e54b7cc309497281f2bbf601e86b8528cfbd6e9fd"},
  "castore": {:hex, :castore, "1.0.5", "9eeebb394cc9a0f3ae56b813459f990abb0a3dedee1be6b27fdb50301930502f", [:mix], [], "hexpm", "8d7c597c3e4a64c395980882d4bca3cebb8d74197c590dc272cfd3b6a6310578"},
  "cbor": {:hex, :cbor, "1.0.1", "39511158e8ea5a57c1fcb9639aaa7efde67129678fee49ebbda780f6f24959b0", [:mix], [], "hexpm", "5431acbe7a7908f17f6a9cd43311002836a34a8ab01876918d8cfb709cd8b6a2"},
  "cc_precompiler": {:hex, :cc_precompiler, "0.1.10", "47c9c08d8869cf09b41da36538f62bc1abd3e19e41701c2cea2675b53c704258", [:mix], [{:elixir_make, "~> 0.7", [hex: :elixir_make, repo: "hexpm", optional: false]}], "hexpm", "f6e046254e53cd6b41c6bacd70ae728011aa82b2742a80d6e2214855c6e06b22"},
  "certifi": {:hex, :certifi, "2.12.0", "2d1cca2ec95f59643862af91f001478c9863c2ac9cb6e2f89780bfd8de987329", [:rebar3], [], "hexpm", "ee68d85df22e554040cdb4be100f33873ac6051387baf6a8f6ce82272340ff1c"},
  "combine": {:hex, :combine, "0.10.0", "eff8224eeb56498a2af13011d142c5e7997a80c8f5b97c499f84c841032e429f", [:mix], [], "hexpm", "1b1dbc1790073076580d0d1d64e42eae2366583e7aecd455d1215b0d16f2451b"},
  "comeonin": {:hex, :comeonin, "5.4.0", "246a56ca3f41d404380fc6465650ddaa532c7f98be4bda1b4656b3a37cc13abe", [:mix], [], "hexpm", "796393a9e50d01999d56b7b8420ab0481a7538d0caf80919da493b4a6e51faf1"},
  "csv": {:hex, :csv, "2.5.0", "c47b5a5221bf2e56d6e8eb79e77884046d7fd516280dc7d9b674251e0ae46246", [:mix], [{:parallel_stream, "~> 1.0.4 or ~> 1.1.0", [hex: :parallel_stream, repo: "hexpm", optional: false]}], "hexpm", "e821f541487045c7591a1963eeb42afff0dfa99bdcdbeb3410795a2f59c77d34"},
  "db_connection": {:hex, :db_connection, "2.6.0", "77d835c472b5b67fc4f29556dee74bf511bbafecdcaf98c27d27fa5918152086", [:mix], [{:telemetry, "~> 0.4 or ~> 1.0", [hex: :telemetry, repo: "hexpm", optional: false]}], "hexpm", "c2f992d15725e721ec7fbc1189d4ecdb8afef76648c746a8e1cad35e3b8a35f3"},
  "decimal": {:hex, :decimal, "2.1.1", "5611dca5d4b2c3dd497dec8f68751f1f1a54755e8ed2a966c2633cf885973ad6", [:mix], [], "hexpm", "53cfe5f497ed0e7771ae1a475575603d77425099ba5faef9394932b35020ffcc"},
  "dialyxir": {:hex, :dialyxir, "1.4.3", "edd0124f358f0b9e95bfe53a9fcf806d615d8f838e2202a9f430d59566b6b53b", [:mix], [{:erlex, ">= 0.2.6", [hex: :erlex, repo: "hexpm", optional: false]}], "hexpm", "bf2cfb75cd5c5006bec30141b131663299c661a864ec7fbbc72dfa557487a986"},
  "earmark_parser": {:hex, :earmark_parser, "1.4.39", "424642f8335b05bb9eb611aa1564c148a8ee35c9c8a8bba6e129d51a3e3c6769", [:mix], [], "hexpm", "06553a88d1f1846da9ef066b87b57c6f605552cfbe40d20bd8d59cc6bde41944"},
  "ecto": {:hex, :ecto, "3.11.2", "e1d26be989db350a633667c5cda9c3d115ae779b66da567c68c80cfb26a8c9ee", [:mix], [{:decimal, "~> 2.0", [hex: :decimal, repo: "hexpm", optional: false]}, {:jason, "~> 1.0", [hex: :jason, repo: "hexpm", optional: true]}, {:telemetry, "~> 0.4 or ~> 1.0", [hex: :telemetry, repo: "hexpm", optional: false]}], "hexpm", "3c38bca2c6f8d8023f2145326cc8a80100c3ffe4dcbd9842ff867f7fc6156c65"},
  "ecto3_mnesia": {:hex, :ecto3_mnesia, "0.3.0", "a7005f40fa269fef8a3e23763bb4ec0dec32bbca24d1937f80bcc91622b7987b", [:mix], [{:ecto, "~> 3.0", [hex: :ecto, repo: "hexpm", optional: false]}], "hexpm", "8911c8dd302c9db4fc59adc49f290883c0d67fe7b6d810aa60feb25f159f5f0c"},
  "ecto_sql": {:hex, :ecto_sql, "3.11.1", "e9abf28ae27ef3916b43545f9578b4750956ccea444853606472089e7d169470", [:mix], [{:db_connection, "~> 2.4.1 or ~> 2.5", [hex: :db_connection, repo: "hexpm", optional: false]}, {:ecto, "~> 3.11.0", [hex: :ecto, repo: "hexpm", optional: false]}, {:myxql, "~> 0.6.0", [hex: :myxql, repo: "hexpm", optional: true]}, {:postgrex, "~> 0.16.0 or ~> 0.17.0 or ~> 1.0", [hex: :postgrex, repo: "hexpm", optional: true]}, {:tds, "~> 2.1.1 or ~> 2.2", [hex: :tds, repo: "hexpm", optional: true]}, {:telemetry, "~> 0.4.0 or ~> 1.0", [hex: :telemetry, repo: "hexpm", optional: false]}], "hexpm", "ce14063ab3514424276e7e360108ad6c2308f6d88164a076aac8a387e1fea634"},
  "ecto_sqlite3": {:hex, :ecto_sqlite3, "0.15.1", "40f2fbd9e246455f8c42e7e0a77009ef806caa1b3ce6f717b2a0a80e8432fcfd", [:mix], [{:decimal, "~> 1.6 or ~> 2.0", [hex: :decimal, repo: "hexpm", optional: false]}, {:ecto, "~> 3.11", [hex: :ecto, repo: "hexpm", optional: false]}, {:ecto_sql, "~> 3.11", [hex: :ecto_sql, repo: "hexpm", optional: false]}, {:exqlite, "~> 0.19", [hex: :exqlite, repo: "hexpm", optional: false]}], "hexpm", "28b16e177123c688948357176662bf9ff9084daddf950ef5b6baf3ee93707064"},
  "elixir_make": {:hex, :elixir_make, "0.8.2", "cd4a5a75891362e9207adaac7e66223fd256ec2518ae013af7f10c9c85b50b5c", [:mix], [{:castore, "~> 0.1 or ~> 1.0", [hex: :castore, repo: "hexpm", optional: true]}, {:certifi, "~> 2.0", [hex: :certifi, repo: "hexpm", optional: true]}], "hexpm", "9d9607d640c372a7291e5a56ce655aa2351897929be20bd211648fdb79e725dc"},
  "erlex": {:hex, :erlex, "0.2.6", "c7987d15e899c7a2f34f5420d2a2ea0d659682c06ac607572df55a43753aa12e", [:mix], [], "hexpm", "2ed2e25711feb44d52b17d2780eabf998452f6efda104877a3881c2f8c0c0c75"},
  "ex_doc": {:hex, :ex_doc, "0.28.6", "2bbd7a143d3014fc26de9056793e97600ae8978af2ced82c2575f130b7c0d7d7", [:mix], [{:earmark_parser, "~> 1.4.19", [hex: :earmark_parser, repo: "hexpm", optional: false]}, {:makeup_elixir, "~> 0.14", [hex: :makeup_elixir, repo: "hexpm", optional: false]}, {:makeup_erlang, "~> 0.1", [hex: :makeup_erlang, repo: "hexpm", optional: false]}], "hexpm", "bca1441614654710ba37a0e173079273d619f9160cbcc8cd04e6bd59f1ad0e29"},
  "ex_multihash": {:hex, :ex_multihash, "2.0.0", "7fb36f842a2ec1c6bbba550f28fcd16d3c62981781b9466c9c1975c43d7db43c", [:mix], [], "hexpm", "66a08a86a1ba00d95736c595d7975696e5691308cdf7770c50b0f84a2a1172b0"},
  "ex_secp256k1": {:hex, :ex_secp256k1, "0.7.2", "33398c172813b90fab9ab75c12b98d16cfab472c6dcbde832b13c45ce1c01947", [:mix], [{:rustler, ">= 0.0.0", [hex: :rustler, repo: "hexpm", optional: true]}, {:rustler_precompiled, "~> 0.6", [hex: :rustler_precompiled, repo: "hexpm", optional: false]}], "hexpm", "f3b1bf56e6992e28b9d86e3bf741a4aca3e641052eb47d13ae4f5f4d4944bdaf"},
  "exceptional": {:hex, :exceptional, "2.1.3", "cb17cb9b7c4882e763b82db08ba317678157ca95970fae96b31b3c90f5960c3d", [:mix], [], "hexpm", "59d67ae2df6784e7a957087742ae9011f220c3d1523706c5cd7ee0741bca5897"},
  "expo": {:hex, :expo, "0.5.1", "249e826a897cac48f591deba863b26c16682b43711dd15ee86b92f25eafd96d9", [:mix], [], "hexpm", "68a4233b0658a3d12ee00d27d37d856b1ba48607e7ce20fd376958d0ba6ce92b"},
  "exqlite": {:hex, :exqlite, "0.21.0", "8d06c60b3d6df42bb4cdeb4dce4bc804788e227cead7dc190c3ffaba50bffbb4", [:make, :mix], [{:cc_precompiler, "~> 0.1", [hex: :cc_precompiler, repo: "hexpm", optional: false]}, {:db_connection, "~> 2.1", [hex: :db_connection, repo: "hexpm", optional: false]}, {:elixir_make, "~> 0.8", [hex: :elixir_make, repo: "hexpm", optional: false]}, {:table, "~> 0.1.0", [hex: :table, repo: "hexpm", optional: true]}], "hexpm", "b177180bb2788b761ddd5949763640aef92ed06db80d70a1130b6bede180b45f"},
  "gettext": {:hex, :gettext, "0.24.0", "6f4d90ac5f3111673cbefc4ebee96fe5f37a114861ab8c7b7d5b30a1108ce6d8", [:mix], [{:expo, "~> 0.5.1", [hex: :expo, repo: "hexpm", optional: false]}], "hexpm", "bdf75cdfcbe9e4622dd18e034b227d77dd17f0f133853a1c73b97b3d6c770e8b"},
  "hackney": {:hex, :hackney, "1.20.1", "8d97aec62ddddd757d128bfd1df6c5861093419f8f7a4223823537bad5d064e2", [:rebar3], [{:certifi, "~> 2.12.0", [hex: :certifi, repo: "hexpm", optional: false]}, {:idna, "~> 6.1.0", [hex: :idna, repo: "hexpm", optional: false]}, {:metrics, "~> 1.0.0", [hex: :metrics, repo: "hexpm", optional: false]}, {:mimerl, "~> 1.1", [hex: :mimerl, repo: "hexpm", optional: false]}, {:parse_trans, "3.4.1", [hex: :parse_trans, repo: "hexpm", optional: false]}, {:ssl_verify_fun, "~> 1.1.0", [hex: :ssl_verify_fun, repo: "hexpm", optional: false]}, {:unicode_util_compat, "~> 0.7.0", [hex: :unicode_util_compat, repo: "hexpm", optional: false]}], "hexpm", "fe9094e5f1a2a2c0a7d10918fee36bfec0ec2a979994cff8cfe8058cd9af38e3"},
  "hpax": {:hex, :hpax, "0.1.2", "09a75600d9d8bbd064cdd741f21fc06fc1f4cf3d0fcc335e5aa19be1a7235c84", [:mix], [], "hexpm", "2c87843d5a23f5f16748ebe77969880e29809580efdaccd615cd3bed628a8c13"},
  "httpoison": {:hex, :httpoison, "2.2.1", "87b7ed6d95db0389f7df02779644171d7319d319178f6680438167d7b69b1f3d", [:mix], [{:hackney, "~> 1.17", [hex: :hackney, repo: "hexpm", optional: false]}], "hexpm", "51364e6d2f429d80e14fe4b5f8e39719cacd03eb3f9a9286e61e216feac2d2df"},
  "idna": {:hex, :idna, "6.1.1", "8a63070e9f7d0c62eb9d9fcb360a7de382448200fbbd1b106cc96d3d8099df8d", [:rebar3], [{:unicode_util_compat, "~> 0.7.0", [hex: :unicode_util_compat, repo: "hexpm", optional: false]}], "hexpm", "92376eb7894412ed19ac475e4a86f7b413c1b9fbb5bd16dccd57934157944cea"},
  "infer": {:hex, :infer, "0.2.6", "0b8a9a08cf67c5ed1c1a29cc6bff81781cc30565bcd33959e60bd7a41056fccf", [:mix], [], "hexpm", "0e5ad1b7ba3fb2bbf32b36223add30432c11ab33a34b038ffa16a591813e2667"},
  "jason": {:hex, :jason, "1.4.1", "af1504e35f629ddcdd6addb3513c3853991f694921b1b9368b0bd32beb9f1b63", [:mix], [{:decimal, "~> 1.0 or ~> 2.0", [hex: :decimal, repo: "hexpm", optional: true]}], "hexpm", "fbb01ecdfd565b56261302f7e1fcc27c4fb8f32d56eab74db621fc154604a7a1"},
  "libgraph": {:hex, :libgraph, "0.16.0", "3936f3eca6ef826e08880230f806bfea13193e49bf153f93edcf0239d4fd1d07", [:mix], [], "hexpm", "41ca92240e8a4138c30a7e06466acc709b0cbb795c643e9e17174a178982d6bf"},
  "makeup": {:hex, :makeup, "1.1.1", "fa0bc768698053b2b3869fa8a62616501ff9d11a562f3ce39580d60860c3a55e", [:mix], [{:nimble_parsec, "~> 1.2.2 or ~> 1.3", [hex: :nimble_parsec, repo: "hexpm", optional: false]}], "hexpm", "5dc62fbdd0de44de194898b6710692490be74baa02d9d108bc29f007783b0b48"},
  "makeup_elixir": {:hex, :makeup_elixir, "0.16.1", "cc9e3ca312f1cfeccc572b37a09980287e243648108384b97ff2b76e505c3555", [:mix], [{:makeup, "~> 1.0", [hex: :makeup, repo: "hexpm", optional: false]}, {:nimble_parsec, "~> 1.2.3 or ~> 1.3", [hex: :nimble_parsec, repo: "hexpm", optional: false]}], "hexpm", "e127a341ad1b209bd80f7bd1620a15693a9908ed780c3b763bccf7d200c767c6"},
  "makeup_erlang": {:hex, :makeup_erlang, "0.1.3", "d684f4bac8690e70b06eb52dad65d26de2eefa44cd19d64a8095e1417df7c8fd", [:mix], [{:makeup, "~> 1.0", [hex: :makeup, repo: "hexpm", optional: false]}], "hexpm", "b78dc853d2e670ff6390b605d807263bf606da3c82be37f9d7f68635bd886fc9"},
  "matcha": {:hex, :matcha, "0.1.10", "1a504638dae246bc4c60970632f448a7768d61d8e20833c717dce50a00d3d5c6", [:mix], [{:recon, ">= 2.3.0", [hex: :recon, repo: "hexpm", optional: false]}], "hexpm", "ea83b1753de38294191301483fbe34b97e812605205b89c581b97336c9b3e7eb"},
  "memento": {:hex, :memento, "0.3.2", "38cfc8ff9bcb1adff7cbd0f3b78a762636b86dff764729d1c82d0464c539bdd0", [:mix], [], "hexpm", "25cf691a98a0cb70262f4a7543c04bab24648cb2041d937eb64154a8d6f8012b"},
  "metrics": {:hex, :metrics, "1.0.1", "25f094dea2cda98213cecc3aeff09e940299d950904393b2a29d191c346a8486", [:rebar3], [], "hexpm", "69b09adddc4f74a40716ae54d140f93beb0fb8978d8636eaded0c31b6f099f16"},
  "mime": {:hex, :mime, "2.0.5", "dc34c8efd439abe6ae0343edbb8556f4d63f178594894720607772a041b04b02", [:mix], [], "hexpm", "da0d64a365c45bc9935cc5c8a7fc5e49a0e0f9932a761c55d6c52b142780a05c"},
  "mimerl": {:hex, :mimerl, "1.2.0", "67e2d3f571088d5cfd3e550c383094b47159f3eee8ffa08e64106cdf5e981be3", [:rebar3], [], "hexpm", "f278585650aa581986264638ebf698f8bb19df297f66ad91b18910dfc6e19323"},
  "monad": {:hex, :monad, "1.0.5", "bd02263a8dad0894433ca3283ebb6f71a55799e1cd17bda1e8b2ea9e14eeb9c5", [:mix], [], "hexpm", "d8ebe20971160e96bd6cdf11b5e8b5c24b70fddde3d198e5f7c3b5ebfbc78d6e"},
  "multibase": {:hex, :multibase, "0.0.1", "9243bebe6f7f0f9f873c770ddcddab285cc554a8dd2374b8de6b2add087eccbc", [:mix], [{:base1, "~> 0.1.0", [hex: :base1, repo: "hexpm", optional: false]}, {:base2, "~> 0.1.0", [hex: :base2, repo: "hexpm", optional: false]}, {:basefiftyeight, "~> 0.1.0", [hex: :basefiftyeight, repo: "hexpm", optional: false]}, {:zbase32, "~> 2.0.0", [hex: :zbase32, repo: "hexpm", optional: false]}], "hexpm", "6ea13a19e47da727c2def81b241ad10a39440c5705a4abed18e8310b46f45f51"},
  "multicodec": {:git, "https://github.com/ShreyanJain9/ex-multicodec.git", "7570cd559691e414a67223e9e8a7fd4ad2d7549b", [branch: "master"]},
  "nimble_parsec": {:hex, :nimble_parsec, "1.4.0", "51f9b613ea62cfa97b25ccc2c1b4216e81df970acd8e16e8d1bdc58fef21370d", [:mix], [], "hexpm", "9c565862810fb383e9838c1dd2d7d2c437b3d13b267414ba6af33e50d2d1cf28"},
  "operator": {:hex, :operator, "0.2.1", "4572312bbd3e63a5c237bf15c3a7670d568e3651ea744289130780006e70e5f5", [:mix], [], "hexpm", "1990cc6dc651d7fff04636eef06fc64e6bc1da83a1da890c08ca3432e17e267a"},
  "paginator": {:hex, :paginator, "1.2.0", "f59c5da6238950b902b2fc074ffbf138d8766c058d0bd96069790dca5e3d82c9", [:mix], [{:ecto, "~> 3.0", [hex: :ecto, repo: "hexpm", optional: false]}, {:ecto_sql, "~> 3.0", [hex: :ecto_sql, repo: "hexpm", optional: false]}, {:plug_crypto, "~> 1.2.0", [hex: :plug_crypto, repo: "hexpm", optional: false]}, {:postgrex, "~> 0.13", [hex: :postgrex, repo: "hexpm", optional: true]}], "hexpm", "df462f015aa91021430ba5f0ed2ee100de696a925d42f6926e276dbee35fbe1d"},
  "parallel_stream": {:hex, :parallel_stream, "1.1.0", "f52f73eb344bc22de335992377413138405796e0d0ad99d995d9977ac29f1ca9", [:mix], [], "hexpm", "684fd19191aedfaf387bbabbeb8ff3c752f0220c8112eb907d797f4592d6e871"},
  "parse_trans": {:hex, :parse_trans, "3.4.1", "6e6aa8167cb44cc8f39441d05193be6e6f4e7c2946cb2759f015f8c56b76e5ff", [:rebar3], [], "hexpm", "620a406ce75dada827b82e453c19cf06776be266f5a67cff34e1ef2cbb60e49a"},
  "plug": {:hex, :plug, "1.15.3", "712976f504418f6dff0a3e554c40d705a9bcf89a7ccef92fc6a5ef8f16a30a97", [:mix], [{:mime, "~> 1.0 or ~> 2.0", [hex: :mime, repo: "hexpm", optional: false]}, {:plug_crypto, "~> 1.1.1 or ~> 1.2 or ~> 2.0", [hex: :plug_crypto, repo: "hexpm", optional: false]}, {:telemetry, "~> 0.4.3 or ~> 1.0", [hex: :telemetry, repo: "hexpm", optional: false]}], "hexpm", "cc4365a3c010a56af402e0809208873d113e9c38c401cabd88027ef4f5c01fd2"},
  "plug_crypto": {:hex, :plug_crypto, "1.2.5", "918772575e48e81e455818229bf719d4ab4181fcbf7f85b68a35620f78d89ced", [:mix], [], "hexpm", "26549a1d6345e2172eb1c233866756ae44a9609bd33ee6f99147ab3fd87fd842"},
  "propcheck": {:hex, :propcheck, "1.4.1", "c12908dbe6f572032928548089b34ff9d40672d5d70f1562e3a9e9058d226cc9", [:mix], [{:libgraph, "~> 0.13", [hex: :libgraph, repo: "hexpm", optional: false]}, {:proper, "~> 1.4", [hex: :proper, repo: "hexpm", optional: false]}], "hexpm", "e1b088f574785c3c7e864da16f39082d5599b3aaf89086d3f9be6adb54464b19"},
  "proper": {:hex, :proper, "1.4.0", "89a44b8c39d28bb9b4be8e4d715d534905b325470f2e0ec5e004d12484a79434", [:rebar3], [], "hexpm", "18285842185bd33efbda97d134a5cb5a0884384db36119fee0e3cfa488568cbb"},
  "quark": {:hex, :quark, "2.3.2", "066e0d431440d077684469967f54d732443ea2a48932e0916e974633e8b39c95", [:mix], [], "hexpm", "2f6423779b02afe7e3e4af3cfecfcd94572f2051664d4d8329ffa872d24b10a8"},
  "recon": {:hex, :recon, "2.5.5", "c108a4c406fa301a529151a3bb53158cadc4064ec0c5f99b03ddb8c0e4281bdf", [:mix, :rebar3], [], "hexpm", "632a6f447df7ccc1a4a10bdcfce71514412b16660fe59deca0fcf0aa3c054404"},
  "rustler": {:hex, :rustler, "0.32.1", "f4cf5a39f9e85d182c0a3f75fa15b5d0add6542ab0bf9ceac6b4023109ebd3fc", [:mix], [{:jason, "~> 1.0", [hex: :jason, repo: "hexpm", optional: false]}, {:toml, "~> 0.6", [hex: :toml, repo: "hexpm", optional: false]}], "hexpm", "b96be75526784f86f6587f051bc8d6f4eaff23d6e0f88dbcfe4d5871f52946f7"},
  "rustler_precompiled": {:hex, :rustler_precompiled, "0.7.1", "ecadf02cc59a0eccbaed6c1937303a5827fbcf60010c541595e6d3747d3d0f9f", [:mix], [{:castore, "~> 0.1 or ~> 1.0", [hex: :castore, repo: "hexpm", optional: false]}, {:rustler, "~> 0.23", [hex: :rustler, repo: "hexpm", optional: true]}], "hexpm", "b9e4657b99a1483ea31502e1d58c464bedebe9028808eda45c3a429af4550c66"},
  "ssl_verify_fun": {:hex, :ssl_verify_fun, "1.1.7", "354c321cf377240c7b8716899e182ce4890c5938111a1296add3ec74cf1715df", [:make, :mix, :rebar3], [], "hexpm", "fe4c190e8f37401d30167c8c405eda19469f34577987c76dde613e838bbc67f8"},
  "telemetry": {:hex, :telemetry, "1.2.1", "68fdfe8d8f05a8428483a97d7aab2f268aaff24b49e0f599faa091f1d4e7f61c", [:rebar3], [], "hexpm", "dad9ce9d8effc621708f99eac538ef1cbe05d6a874dd741de2e689c47feafed5"},
  "thousand_island": {:hex, :thousand_island, "1.3.5", "6022b6338f1635b3d32406ff98d68b843ba73b3aa95cfc27154223244f3a6ca5", [:mix], [{:telemetry, "~> 0.4 or ~> 1.0", [hex: :telemetry, repo: "hexpm", optional: false]}], "hexpm", "2be6954916fdfe4756af3239fb6b6d75d0b8063b5df03ba76fd8a4c87849e180"},
  "timex": {:hex, :timex, "3.7.11", "bb95cb4eb1d06e27346325de506bcc6c30f9c6dea40d1ebe390b262fad1862d1", [:mix], [{:combine, "~> 0.10", [hex: :combine, repo: "hexpm", optional: false]}, {:gettext, "~> 0.20", [hex: :gettext, repo: "hexpm", optional: false]}, {:tzdata, "~> 1.1", [hex: :tzdata, repo: "hexpm", optional: false]}], "hexpm", "8b9024f7efbabaf9bd7aa04f65cf8dcd7c9818ca5737677c7b76acbc6a94d1aa"},
  "toml": {:hex, :toml, "0.7.0", "fbcd773caa937d0c7a02c301a1feea25612720ac3fa1ccb8bfd9d30d822911de", [:mix], [], "hexpm", "0690246a2478c1defd100b0c9b89b4ea280a22be9a7b313a8a058a2408a2fa70"},
  "type_class": {:hex, :type_class, "1.2.8", "349db84be8c664e119efaae1a09a44b113bc8e81af1d032f4e3e38feef4fac32", [:mix], [{:exceptional, "~> 2.1", [hex: :exceptional, repo: "hexpm", optional: false]}], "hexpm", "bb93de2cacfd6f0ee43f4616f7a139816a73deba4ae8ee3364bcfa4abe3eef3e"},
  "tzdata": {:hex, :tzdata, "1.1.1", "20c8043476dfda8504952d00adac41c6eda23912278add38edc140ae0c5bcc46", [:mix], [{:hackney, "~> 1.17", [hex: :hackney, repo: "hexpm", optional: false]}], "hexpm", "a69cec8352eafcd2e198dea28a34113b60fdc6cb57eb5ad65c10292a6ba89787"},
  "unicode_util_compat": {:hex, :unicode_util_compat, "0.7.0", "bc84380c9ab48177092f43ac89e4dfa2c6d62b40b8bd132b1059ecc7232f9a78", [:rebar3], [], "hexpm", "25eee6d67df61960cf6a794239566599b09e17e668d3700247bc498638152521"},
  "varint": {:hex, :varint, "1.4.0", "b7405c8a99db7b95d4341fa9cb15e7c3af6c8dda43e21bbe1c4a9cdff50b6502", [:mix], [], "hexpm", "0fd461901b7120c03467530dff3c58fa3475328fd75ba72c7d3cbf13bce6b0d2"},
  "websock": {:hex, :websock, "0.5.3", "2f69a6ebe810328555b6fe5c831a851f485e303a7c8ce6c5f675abeb20ebdadc", [:mix], [], "hexpm", "6105453d7fac22c712ad66fab1d45abdf049868f253cf719b625151460b8b453"},
  "witchcraft": {:hex, :witchcraft, "1.0.4", "8733ac0ee769d4d2f73610de5a2b601a4ccbe385d1fca6419280f2511d21d0c9", [:mix], [{:exceptional, "~> 2.1", [hex: :exceptional, repo: "hexpm", optional: false]}, {:operator, "~> 0.2", [hex: :operator, repo: "hexpm", optional: false]}, {:quark, "~> 2.2", [hex: :quark, repo: "hexpm", optional: false]}, {:type_class, "~> 1.2", [hex: :type_class, repo: "hexpm", optional: false]}], "hexpm", "a380f439f1962d2e56cdad874ed7eb4612ddd6ec5ee3c6ad0c5d63e60539e6b0"},
  "zbase32": {:hex, :zbase32, "2.0.0", "5a61d5ee8f39092d4a243da2a42b5b4339ef226d9b182603f63d5a3f16d192ee", [:mix], [], "hexpm", "798f81895658f9773e1dcf30ba3c118547f482502c5e1e19e72752f9a6f23e44"},
}
